
Microsoft Visual Studio Solution File, Format Version 12.00
# Visual Studio Version 17
VisualStudioVersion = 17.14.36623.8
MinimumVisualStudioVersion = 10.0.40219.1
Project("{FAE04EC0-301F-11D3-BF4B-00C04F79EFBC}") = "LeaveManagement-BE", "EmployeeLeaveApplication\LeaveManagement-BE.csproj", "{791C1742-11FF-4321-A2DC-EEB2072CB8D9}"
EndProject
Global
	GlobalSection(SolutionConfigurationPlatforms) = preSolution
		Debug|Any CPU = Debug|Any CPU
		Release|Any CPU = Release|Any CPU
	EndGlobalSection
	GlobalSection(ProjectConfigurationPlatforms) = postSolution
		{791C1742-11FF-4321-A2DC-EEB2072CB8D9}.Debug|Any CPU.ActiveCfg = Debug|Any CPU
		{791C1742-11FF-4321-A2DC-EEB2072CB8D9}.Debug|Any CPU.Build.0 = Debug|Any CPU
		{791C1742-11FF-4321-A2DC-EEB2072CB8D9}.Release|Any CPU.ActiveCfg = Release|Any CPU
		{791C1742-11FF-4321-A2DC-EEB2072CB8D9}.Release|Any CPU.Build.0 = Release|Any CPU
	EndGlobalSection
	GlobalSection(SolutionProperties) = preSolution
		HideSolutionNode = FALSE
	EndGlobalSection
	GlobalSection(ExtensibilityGlobals) = postSolution
		SolutionGuid = {F70D5650-0D80-4FBE-8435-FF72504BFFB7}
	EndGlobalSection
EndGlobal
